
Microsoft Visual Studio Solution File, Format Version 12.00
# Visual Studio Version 17
VisualStudioVersion = 17.5.2.0
MinimumVisualStudioVersion = 10.0.40219.1
Project("{FAE04EC0-301F-11D3-BF4B-00C04F79EFBC}") = "TatarDelivery.CatalogService", "TatarDelivery.CatalogService\TatarDelivery.CatalogService.csproj", "{40DA37E0-08B8-4B62-9B4A-4D13673F64EB}"
EndProject
Global
	GlobalSection(SolutionConfigurationPlatforms) = preSolution
		Debug|Any CPU = Debug|Any CPU
		Debug|x64 = Debug|x64
		Debug|x86 = Debug|x86
		Release|Any CPU = Release|Any CPU
		Release|x64 = Release|x64
		Release|x86 = Release|x86
	EndGlobalSection
	GlobalSection(ProjectConfigurationPlatforms) = postSolution
		{ABB3EBA4-CC02-0E5A-FC25-E9DAB3954DF2}.Debug|Any CPU.ActiveCfg = Debug|Any CPU
		{ABB3EBA4-CC02-0E5A-FC25-E9DAB3954DF2}.Debug|Any CPU.Build.0 = Debug|Any CPU
		{ABB3EBA4-CC02-0E5A-FC25-E9DAB3954DF2}.Debug|x64.ActiveCfg = Debug|Any CPU
		{ABB3EBA4-CC02-0E5A-FC25-E9DAB3954DF2}.Debug|x64.Build.0 = Debug|Any CPU
		{ABB3EBA4-CC02-0E5A-FC25-E9DAB3954DF2}.Debug|x86.ActiveCfg = Debug|Any CPU
		{ABB3EBA4-CC02-0E5A-FC25-E9DAB3954DF2}.Debug|x86.Build.0 = Debug|Any CPU
		{ABB3EBA4-CC02-0E5A-FC25-E9DAB3954DF2}.Release|Any CPU.ActiveCfg = Release|Any CPU
		{ABB3EBA4-CC02-0E5A-FC25-E9DAB3954DF2}.Release|Any CPU.Build.0 = Release|Any CPU
		{ABB3EBA4-CC02-0E5A-FC25-E9DAB3954DF2}.Release|x64.ActiveCfg = Release|Any CPU
		{ABB3EBA4-CC02-0E5A-FC25-E9DAB3954DF2}.Release|x64.Build.0 = Release|Any CPU
		{ABB3EBA4-CC02-0E5A-FC25-E9DAB3954DF2}.Release|x86.ActiveCfg = Release|Any CPU
		{ABB3EBA4-CC02-0E5A-FC25-E9DAB3954DF2}.Release|x86.Build.0 = Release|Any CPU
		{81266F18-D06B-4D60-9DC8-999DADDD57A0}.Debug|Any CPU.ActiveCfg = Debug|Any CPU
		{81266F18-D06B-4D60-9DC8-999DADDD57A0}.Debug|Any CPU.Build.0 = Debug|Any CPU
		{81266F18-D06B-4D60-9DC8-999DADDD57A0}.Debug|x64.ActiveCfg = Debug|Any CPU
		{81266F18-D06B-4D60-9DC8-999DADDD57A0}.Debug|x64.Build.0 = Debug|Any CPU
		{81266F18-D06B-4D60-9DC8-999DADDD57A0}.Debug|x86.ActiveCfg = Debug|Any CPU
		{81266F18-D06B-4D60-9DC8-999DADDD57A0}.Debug|x86.Build.0 = Debug|Any CPU
		{81266F18-D06B-4D60-9DC8-999DADDD57A0}.Release|Any CPU.ActiveCfg = Release|Any CPU
		{81266F18-D06B-4D60-9DC8-999DADDD57A0}.Release|Any CPU.Build.0 = Release|Any CPU
		{81266F18-D06B-4D60-9DC8-999DADDD57A0}.Release|x64.ActiveCfg = Release|Any CPU
		{81266F18-D06B-4D60-9DC8-999DADDD57A0}.Release|x64.Build.0 = Release|Any CPU
		{81266F18-D06B-4D60-9DC8-999DADDD57A0}.Release|x86.ActiveCfg = Release|Any CPU
		{81266F18-D06B-4D60-9DC8-999DADDD57A0}.Release|x86.Build.0 = Release|Any CPU
		{40DA37E0-08B8-4B62-9B4A-4D13673F64EB}.Debug|Any CPU.ActiveCfg = Debug|Any CPU
		{40DA37E0-08B8-4B62-9B4A-4D13673F64EB}.Debug|Any CPU.Build.0 = Debug|Any CPU
		{40DA37E0-08B8-4B62-9B4A-4D13673F64EB}.Debug|x64.ActiveCfg = Debug|Any CPU
		{40DA37E0-08B8-4B62-9B4A-4D13673F64EB}.Debug|x64.Build.0 = Debug|Any CPU
		{40DA37E0-08B8-4B62-9B4A-4D13673F64EB}.Debug|x86.ActiveCfg = Debug|Any CPU
		{40DA37E0-08B8-4B62-9B4A-4D13673F64EB}.Debug|x86.Build.0 = Debug|Any CPU
		{40DA37E0-08B8-4B62-9B4A-4D13673F64EB}.Release|Any CPU.ActiveCfg = Release|Any CPU
		{40DA37E0-08B8-4B62-9B4A-4D13673F64EB}.Release|Any CPU.Build.0 = Release|Any CPU
		{40DA37E0-08B8-4B62-9B4A-4D13673F64EB}.Release|x64.ActiveCfg = Release|Any CPU
		{40DA37E0-08B8-4B62-9B4A-4D13673F64EB}.Release|x64.Build.0 = Release|Any CPU
		{40DA37E0-08B8-4B62-9B4A-4D13673F64EB}.Release|x86.ActiveCfg = Release|Any CPU
		{40DA37E0-08B8-4B62-9B4A-4D13673F64EB}.Release|x86.Build.0 = Release|Any CPU
	EndGlobalSection
	GlobalSection(SolutionProperties) = preSolution
		HideSolutionNode = FALSE
	EndGlobalSection
	GlobalSection(ExtensibilityGlobals) = postSolution
		SolutionGuid = {6B3B7004-3D03-4680-A3ED-7945F342B664}
	EndGlobalSection
EndGlobal
