
Microsoft Visual Studio Solution File, Format Version 12.00
# Visual Studio Version 17
VisualStudioVersion = 17.0.31903.59
MinimumVisualStudioVersion = 10.0.40219.1
Project("{FAE04EC0-301F-11D3-BF4B-00C04F79EFBC}") = "TatarDelivery.UserService", "TatarDelivery.UserService\TatarDelivery.UserService.csproj", "{540F8E5F-BEFF-4B80-8D6C-0506A42E8B2D}"
EndProject
Project("{FAE04EC0-301F-11D3-BF4B-00C04F79EFBC}") = "TatarDelivery.CatalogService", "TatarDelivery.CatalogService\TatarDelivery.CatalogService.csproj", "{C5E17138-5B53-4D6D-9C4B-DA2819653C9E}"
EndProject
Project("{FAE04EC0-301F-11D3-BF4B-00C04F79EFBC}") = "TatarDelivery.OrderService", "TatarDelivery.OrderService\TatarDelivery.OrderService.csproj", "{4CF37AD9-21ED-42E7-906D-4E6223AABE0E}"
EndProject
Global
	GlobalSection(SolutionConfigurationPlatforms) = preSolution
		Debug|Any CPU = Debug|Any CPU
		Release|Any CPU = Release|Any CPU
	EndGlobalSection
	GlobalSection(SolutionProperties) = preSolution
		HideSolutionNode = FALSE
	EndGlobalSection
	GlobalSection(ProjectConfigurationPlatforms) = postSolution
		{540F8E5F-BEFF-4B80-8D6C-0506A42E8B2D}.Debug|Any CPU.ActiveCfg = Debug|Any CPU
		{540F8E5F-BEFF-4B80-8D6C-0506A42E8B2D}.Debug|Any CPU.Build.0 = Debug|Any CPU
		{540F8E5F-BEFF-4B80-8D6C-0506A42E8B2D}.Release|Any CPU.ActiveCfg = Release|Any CPU
		{540F8E5F-BEFF-4B80-8D6C-0506A42E8B2D}.Release|Any CPU.Build.0 = Release|Any CPU
		{C5E17138-5B53-4D6D-9C4B-DA2819653C9E}.Debug|Any CPU.ActiveCfg = Debug|Any CPU
		{C5E17138-5B53-4D6D-9C4B-DA2819653C9E}.Debug|Any CPU.Build.0 = Debug|Any CPU
		{C5E17138-5B53-4D6D-9C4B-DA2819653C9E}.Release|Any CPU.ActiveCfg = Release|Any CPU
		{C5E17138-5B53-4D6D-9C4B-DA2819653C9E}.Release|Any CPU.Build.0 = Release|Any CPU
		{4CF37AD9-21ED-42E7-906D-4E6223AABE0E}.Debug|Any CPU.ActiveCfg = Debug|Any CPU
		{4CF37AD9-21ED-42E7-906D-4E6223AABE0E}.Debug|Any CPU.Build.0 = Debug|Any CPU
		{4CF37AD9-21ED-42E7-906D-4E6223AABE0E}.Release|Any CPU.ActiveCfg = Release|Any CPU
		{4CF37AD9-21ED-42E7-906D-4E6223AABE0E}.Release|Any CPU.Build.0 = Release|Any CPU
	EndGlobalSection
EndGlobal
